
Microsoft Visual Studio Solution File, Format Version 12.00
# Visual Studio Version 17
VisualStudioVersion = 17.12.35527.113
MinimumVisualStudioVersion = 10.0.40219.1
Project("{FAE04EC0-301F-11D3-BF4B-00C04F79EFBC}") = "StudentManagment.Api", "StudentManagment.Api.csproj", "{13BAA55D-EC8A-43AC-948E-FAD43892CD56}"
EndProject
Project("{2150E333-8FDC-42A3-9474-1A3956D46DE8}") = "Dto", "Dto", "{D650261C-B1FA-48BF-B973-C81175EDEB7B}"
	ProjectSection(SolutionItems) = preProject
		StudentCreateDto.cs = StudentCreateDto.cs
	EndProjectSection
EndProject
Global
	GlobalSection(SolutionConfigurationPlatforms) = preSolution
		Debug|Any CPU = Debug|Any CPU
		Release|Any CPU = Release|Any CPU
	EndGlobalSection
	GlobalSection(ProjectConfigurationPlatforms) = postSolution
		{13BAA55D-EC8A-43AC-948E-FAD43892CD56}.Debug|Any CPU.ActiveCfg = Debug|Any CPU
		{13BAA55D-EC8A-43AC-948E-FAD43892CD56}.Debug|Any CPU.Build.0 = Debug|Any CPU
		{13BAA55D-EC8A-43AC-948E-FAD43892CD56}.Release|Any CPU.ActiveCfg = Release|Any CPU
		{13BAA55D-EC8A-43AC-948E-FAD43892CD56}.Release|Any CPU.Build.0 = Release|Any CPU
	EndGlobalSection
	GlobalSection(SolutionProperties) = preSolution
		HideSolutionNode = FALSE
	EndGlobalSection
EndGlobal
